// !$*UTF8*$!
{
	archiveVersion = 1;
	classes = {
	};
	objectVersion = 56;
	objects = {

/* Begin PBXBuildFile section */
		2206C3662B70E2B400D414D9 /* MediaMetadata.swift in Sources */ = {isa = PBXBuildFile; fileRef = 2206C3622B70E2B400D414D9 /* MediaMetadata.swift */; };
		2206C3672B70E2B400D414D9 /* Media.swift in Sources */ = {isa = PBXBuildFile; fileRef = 2206C3632B70E2B400D414D9 /* Media.swift */; };
		2206C3682B70E2B400D414D9 /* Results.swift in Sources */ = {isa = PBXBuildFile; fileRef = 2206C3642B70E2B400D414D9 /* Results.swift */; };
		2206C3692B70E2B400D414D9 /* NYTimesModel.swift in Sources */ = {isa = PBXBuildFile; fileRef = 2206C3652B70E2B400D414D9 /* NYTimesModel.swift */; };
		5CFDDB102B6FABD800FF26D7 /* AppDelegate.swift in Sources */ = {isa = PBXBuildFile; fileRef = 5CFDDB0F2B6FABD800FF26D7 /* AppDelegate.swift */; };
		5CFDDB122B6FABD800FF26D7 /* SceneDelegate.swift in Sources */ = {isa = PBXBuildFile; fileRef = 5CFDDB112B6FABD800FF26D7 /* SceneDelegate.swift */; };
		5CFDDB142B6FABD800FF26D7 /* ViewController.swift in Sources */ = {isa = PBXBuildFile; fileRef = 5CFDDB132B6FABD800FF26D7 /* ViewController.swift */; };
		5CFDDB172B6FABD800FF26D7 /* Main.storyboard in Resources */ = {isa = PBXBuildFile; fileRef = 5CFDDB152B6FABD800FF26D7 /* Main.storyboard */; };
		5CFDDB192B6FABE500FF26D7 /* Assets.xcassets in Resources */ = {isa = PBXBuildFile; fileRef = 5CFDDB182B6FABE500FF26D7 /* Assets.xcassets */; };
		5CFDDB1C2B6FABE500FF26D7 /* LaunchScreen.storyboard in Resources */ = {isa = PBXBuildFile; fileRef = 5CFDDB1A2B6FABE500FF26D7 /* LaunchScreen.storyboard */; };
		5CFDDB2F2B6FB6C500FF26D7 /* DetailsViewController.swift in Sources */ = {isa = PBXBuildFile; fileRef = 5CFDDB2E2B6FB6C500FF26D7 /* DetailsViewController.swift */; };
		5CFDDB322B70F99200FF26D7 /* ArticalsTableViewCell.swift in Sources */ = {isa = PBXBuildFile; fileRef = 5CFDDB302B70F99100FF26D7 /* ArticalsTableViewCell.swift */; };
		5CFDDB332B70F99200FF26D7 /* ArticalsTableViewCell.xib in Resources */ = {isa = PBXBuildFile; fileRef = 5CFDDB312B70F99200FF26D7 /* ArticalsTableViewCell.xib */; };
/* End PBXBuildFile section */

/* Begin PBXFileReference section */
		2206C3622B70E2B400D414D9 /* MediaMetadata.swift */ = {isa = PBXFileReference; fileEncoding = 4; lastKnownFileType = sourcecode.swift; path = MediaMetadata.swift; sourceTree = "<group>"; };
		2206C3632B70E2B400D414D9 /* Media.swift */ = {isa = PBXFileReference; fileEncoding = 4; lastKnownFileType = sourcecode.swift; path = Media.swift; sourceTree = "<group>"; };
		2206C3642B70E2B400D414D9 /* Results.swift */ = {isa = PBXFileReference; fileEncoding = 4; lastKnownFileType = sourcecode.swift; path = Results.swift; sourceTree = "<group>"; };
		2206C3652B70E2B400D414D9 /* NYTimesModel.swift */ = {isa = PBXFileReference; fileEncoding = 4; lastKnownFileType = sourcecode.swift; path = NYTimesModel.swift; sourceTree = "<group>"; };
		5CFDDB0C2B6FABD800FF26D7 /* TargetTechTask.app */ = {isa = PBXFileReference; explicitFileType = wrapper.application; includeInIndex = 0; path = TargetTechTask.app; sourceTree = BUILT_PRODUCTS_DIR; };
		5CFDDB0F2B6FABD800FF26D7 /* AppDelegate.swift */ = {isa = PBXFileReference; lastKnownFileType = sourcecode.swift; path = AppDelegate.swift; sourceTree = "<group>"; };
		5CFDDB112B6FABD800FF26D7 /* SceneDelegate.swift */ = {isa = PBXFileReference; lastKnownFileType = sourcecode.swift; path = SceneDelegate.swift; sourceTree = "<group>"; };
		5CFDDB132B6FABD800FF26D7 /* ViewController.swift */ = {isa = PBXFileReference; lastKnownFileType = sourcecode.swift; path = ViewController.swift; sourceTree = "<group>"; };
		5CFDDB162B6FABD800FF26D7 /* Base */ = {isa = PBXFileReference; lastKnownFileType = file.storyboard; name = Base; path = Base.lproj/Main.storyboard; sourceTree = "<group>"; };
		5CFDDB182B6FABE500FF26D7 /* Assets.xcassets */ = {isa = PBXFileReference; lastKnownFileType = folder.assetcatalog; path = Assets.xcassets; sourceTree = "<group>"; };
		5CFDDB1B2B6FABE500FF26D7 /* Base */ = {isa = PBXFileReference; lastKnownFileType = file.storyboard; name = Base; path = Base.lproj/LaunchScreen.storyboard; sourceTree = "<group>"; };
		5CFDDB1D2B6FABE500FF26D7 /* Info.plist */ = {isa = PBXFileReference; lastKnownFileType = text.plist.xml; path = Info.plist; sourceTree = "<group>"; };
		5CFDDB2E2B6FB6C500FF26D7 /* DetailsViewController.swift */ = {isa = PBXFileReference; lastKnownFileType = sourcecode.swift; path = DetailsViewController.swift; sourceTree = "<group>"; };
		5CFDDB302B70F99100FF26D7 /* ArticalsTableViewCell.swift */ = {isa = PBXFileReference; lastKnownFileType = sourcecode.swift; path = ArticalsTableViewCell.swift; sourceTree = "<group>"; };
		5CFDDB312B70F99200FF26D7 /* ArticalsTableViewCell.xib */ = {isa = PBXFileReference; lastKnownFileType = file.xib; path = ArticalsTableViewCell.xib; sourceTree = "<group>"; };
/* End PBXFileReference section */

/* Begin PBXFrameworksBuildPhase section */
		5CFDDB092B6FABD800FF26D7 /* Frameworks */ = {
			isa = PBXFrameworksBuildPhase;
			buildActionMask = 2147483647;
			files = (
			);
			runOnlyForDeploymentPostprocessing = 0;
		};
/* End PBXFrameworksBuildPhase section */

/* Begin PBXGroup section */
		5CFDDB032B6FABD800FF26D7 = {
			isa = PBXGroup;
			children = (
				5CFDDB0E2B6FABD800FF26D7 /* TargetTechTask */,
				5CFDDB0D2B6FABD800FF26D7 /* Products */,
			);
			sourceTree = "<group>";
		};
		5CFDDB0D2B6FABD800FF26D7 /* Products */ = {
			isa = PBXGroup;
			children = (
				5CFDDB0C2B6FABD800FF26D7 /* TargetTechTask.app */,
			);
			name = Products;
			sourceTree = "<group>";
		};
		5CFDDB0E2B6FABD800FF26D7 /* TargetTechTask */ = {
			isa = PBXGroup;
			children = (
				5CFDDB232B6FAC6100FF26D7 /* Delegates */,
				5CFDDB252B6FAC7C00FF26D7 /* Models */,
				5CFDDB262B6FAC9A00FF26D7 /* Views */,
				5CFDDB242B6FAC6D00FF26D7 /* Controllers */,
				5CFDDB182B6FABE500FF26D7 /* Assets.xcassets */,
				5CFDDB1D2B6FABE500FF26D7 /* Info.plist */,
			);
			path = TargetTechTask;
			sourceTree = "<group>";
		};
		5CFDDB232B6FAC6100FF26D7 /* Delegates */ = {
			isa = PBXGroup;
			children = (
				5CFDDB0F2B6FABD800FF26D7 /* AppDelegate.swift */,
				5CFDDB112B6FABD800FF26D7 /* SceneDelegate.swift */,
			);
			path = Delegates;
			sourceTree = "<group>";
		};
		5CFDDB242B6FAC6D00FF26D7 /* Controllers */ = {
			isa = PBXGroup;
			children = (
				5CFDDB132B6FABD800FF26D7 /* ViewController.swift */,
				5CFDDB2E2B6FB6C500FF26D7 /* DetailsViewController.swift */,
			);
			path = Controllers;
			sourceTree = "<group>";
		};
		5CFDDB252B6FAC7C00FF26D7 /* Models */ = {
			isa = PBXGroup;
			children = (
				2206C3652B70E2B400D414D9 /* NYTimesModel.swift */,
				2206C3622B70E2B400D414D9 /* MediaMetadata.swift */,
				2206C3632B70E2B400D414D9 /* Media.swift */,
				2206C3642B70E2B400D414D9 /* Results.swift */,
			);
			path = Models;
			sourceTree = "<group>";
		};
		5CFDDB262B6FAC9A00FF26D7 /* Views */ = {
			isa = PBXGroup;
			children = (
				5CFDDB2D2B6FB18200FF26D7 /* Xibs */,
				5CFDDB152B6FABD800FF26D7 /* Main.storyboard */,
				5CFDDB1A2B6FABE500FF26D7 /* LaunchScreen.storyboard */,
			);
			path = Views;
			sourceTree = "<group>";
		};
		5CFDDB2D2B6FB18200FF26D7 /* Xibs */ = {
			isa = PBXGroup;
			children = (
				5CFDDB302B70F99100FF26D7 /* ArticalsTableViewCell.swift */,
				5CFDDB312B70F99200FF26D7 /* ArticalsTableViewCell.xib */,
			);
			name = Xibs;
			path = ..;
			sourceTree = "<group>";
		};
/* End PBXGroup section */

/* Begin PBXNativeTarget section */
		5CFDDB0B2B6FABD800FF26D7 /* TargetTechTask */ = {
			isa = PBXNativeTarget;
			buildConfigurationList = 5CFDDB202B6FABE500FF26D7 /* Build configuration list for PBXNativeTarget "TargetTechTask" */;
			buildPhases = (
				5CFDDB082B6FABD800FF26D7 /* Sources */,
				5CFDDB092B6FABD800FF26D7 /* Frameworks */,
				5CFDDB0A2B6FABD800FF26D7 /* Resources */,
			);
			buildRules = (
			);
			dependencies = (
			);
			name = TargetTechTask;
			productName = TargetTechTask;
			productReference = 5CFDDB0C2B6FABD800FF26D7 /* TargetTechTask.app */;
			productType = "com.apple.product-type.application";
		};
/* End PBXNativeTarget section */

/* Begin PBXProject section */
		5CFDDB042B6FABD800FF26D7 /* Project object */ = {
			isa = PBXProject;
			attributes = {
				BuildIndependentTargetsInParallel = 1;
				LastSwiftUpdateCheck = 1510;
				LastUpgradeCheck = 1510;
				TargetAttributes = {
					5CFDDB0B2B6FABD800FF26D7 = {
						CreatedOnToolsVersion = 15.1;
					};
				};
			};
			buildConfigurationList = 5CFDDB072B6FABD800FF26D7 /* Build configuration list for PBXProject "TargetTechTask" */;
			compatibilityVersion = "Xcode 14.0";
			developmentRegion = en;
			hasScannedForEncodings = 0;
			knownRegions = (
				en,
				Base,
			);
			mainGroup = 5CFDDB032B6FABD800FF26D7;
			productRefGroup = 5CFDDB0D2B6FABD800FF26D7 /* Products */;
			projectDirPath = "";
			projectRoot = "";
			targets = (
				5CFDDB0B2B6FABD800FF26D7 /* TargetTechTask */,
			);
		};
/* End PBXProject section */

/* Begin PBXResourcesBuildPhase section */
		5CFDDB0A2B6FABD800FF26D7 /* Resources */ = {
			isa = PBXResourcesBuildPhase;
			buildActionMask = 2147483647;
			files = (
				5CFDDB332B70F99200FF26D7 /* ArticalsTableViewCell.xib in Resources */,
				5CFDDB1C2B6FABE500FF26D7 /* LaunchScreen.storyboard in Resources */,
				5CFDDB192B6FABE500FF26D7 /* Assets.xcassets in Resources */,
				5CFDDB172B6FABD800FF26D7 /* Main.storyboard in Resources */,
			);
			runOnlyForDeploymentPostprocessing = 0;
		};
/* End PBXResourcesBuildPhase section */

/* Begin PBXSourcesBuildPhase section */
		5CFDDB082B6FABD800FF26D7 /* Sources */ = {
			isa = PBXSourcesBuildPhase;
			buildActionMask = 2147483647;
			files = (
				5CFDDB142B6FABD800FF26D7 /* ViewController.swift in Sources */,
				5CFDDB102B6FABD800FF26D7 /* AppDelegate.swift in Sources */,
				2206C3692B70E2B400D414D9 /* NYTimesModel.swift in Sources */,
				5CFDDB122B6FABD800FF26D7 /* SceneDelegate.swift in Sources */,
				2206C3662B70E2B400D414D9 /* MediaMetadata.swift in Sources */,
				5CFDDB322B70F99200FF26D7 /* ArticalsTableViewCell.swift in Sources */,
				2206C3682B70E2B400D414D9 /* Results.swift in Sources */,
				2206C3672B70E2B400D414D9 /* Media.swift in Sources */,
				5CFDDB2F2B6FB6C500FF26D7 /* DetailsViewController.swift in Sources */,
			);
			runOnlyForDeploymentPostprocessing = 0;
		};
/* End PBXSourcesBuildPhase section */

/* Begin PBXVariantGroup section */
		5CFDDB152B6FABD800FF26D7 /* Main.storyboard */ = {
			isa = PBXVariantGroup;
			children = (
				5CFDDB162B6FABD800FF26D7 /* Base */,
			);
			name = Main.storyboard;
			sourceTree = "<group>";
		};
		5CFDDB1A2B6FABE500FF26D7 /* LaunchScreen.storyboard */ = {
			isa = PBXVariantGroup;
			children = (
				5CFDDB1B2B6FABE500FF26D7 /* Base */,
			);
			name = LaunchScreen.storyboard;
			sourceTree = "<group>";
		};
/* End PBXVariantGroup section */

/* Begin XCBuildConfiguration section */
		5CFDDB1E2B6FABE500FF26D7 /* Debug */ = {
			isa = XCBuildConfiguration;
			buildSettings = {
				ALWAYS_SEARCH_USER_PATHS = NO;
				ASSETCATALOG_COMPILER_GENERATE_SWIFT_ASSET_SYMBOL_EXTENSIONS = YES;
				CLANG_ANALYZER_NONNULL = YES;
				CLANG_ANALYZER_NUMBER_OBJECT_CONVERSION = YES_AGGRESSIVE;
				CLANG_CXX_LANGUAGE_STANDARD = "gnu++20";
				CLANG_ENABLE_MODULES = YES;
				CLANG_ENABLE_OBJC_ARC = YES;
				CLANG_ENABLE_OBJC_WEAK = YES;
				CLANG_WARN_BLOCK_CAPTURE_AUTORELEASING = YES;
				CLANG_WARN_BOOL_CONVERSION = YES;
				CLANG_WARN_COMMA = YES;
				CLANG_WARN_CONSTANT_CONVERSION = YES;
				CLANG_WARN_DEPRECATED_OBJC_IMPLEMENTATIONS = YES;
				CLANG_WARN_DIRECT_OBJC_ISA_USAGE = YES_ERROR;
				CLANG_WARN_DOCUMENTATION_COMMENTS = YES;
				CLANG_WARN_EMPTY_BODY = YES;
				CLANG_WARN_ENUM_CONVERSION = YES;
				CLANG_WARN_INFINITE_RECURSION = YES;
				CLANG_WARN_INT_CONVERSION = YES;
				CLANG_WARN_NON_LITERAL_NULL_CONVERSION = YES;
				CLANG_WARN_OBJC_IMPLICIT_RETAIN_SELF = YES;
				CLANG_WARN_OBJC_LITERAL_CONVERSION = YES;
				CLANG_WARN_OBJC_ROOT_CLASS = YES_ERROR;
				CLANG_WARN_QUOTED_INCLUDE_IN_FRAMEWORK_HEADER = YES;
				CLANG_WARN_RANGE_LOOP_ANALYSIS = YES;
				CLANG_WARN_STRICT_PROTOTYPES = YES;
				CLANG_WARN_SUSPICIOUS_MOVE = YES;
				CLANG_WARN_UNGUARDED_AVAILABILITY = YES_AGGRESSIVE;
				CLANG_WARN_UNREACHABLE_CODE = YES;
				CLANG_WARN__DUPLICATE_METHOD_MATCH = YES;
				COPY_PHASE_STRIP = NO;
				DEBUG_INFORMATION_FORMAT = dwarf;
				ENABLE_STRICT_OBJC_MSGSEND = YES;
				ENABLE_TESTABILITY = YES;
				ENABLE_USER_SCRIPT_SANDBOXING = YES;
				GCC_C_LANGUAGE_STANDARD = gnu17;
				GCC_DYNAMIC_NO_PIC = NO;
				GCC_NO_COMMON_BLOCKS = YES;
				GCC_OPTIMIZATION_LEVEL = 0;
				GCC_PREPROCESSOR_DEFINITIONS = (
					"DEBUG=1",
					"$(inherited)",
				);
				GCC_WARN_64_TO_32_BIT_CONVERSION = YES;
				GCC_WARN_ABOUT_RETURN_TYPE = YES_ERROR;
				GCC_WARN_UNDECLARED_SELECTOR = YES;
				GCC_WARN_UNINITIALIZED_AUTOS = YES_AGGRESSIVE;
				GCC_WARN_UNUSED_FUNCTION = YES;
				GCC_WARN_UNUSED_VARIABLE = YES;
				IPHONEOS_DEPLOYMENT_TARGET = 17.2;
				LOCALIZATION_PREFERS_STRING_CATALOGS = YES;
				MTL_ENABLE_DEBUG_INFO = INCLUDE_SOURCE;
				MTL_FAST_MATH = YES;
				ONLY_ACTIVE_ARCH = YES;
				SDKROOT = iphoneos;
				SWIFT_ACTIVE_COMPILATION_CONDITIONS = "DEBUG $(inherited)";
				SWIFT_OPTIMIZATION_LEVEL = "-Onone";
			};
			name = Debug;
		};
		5CFDDB1F2B6FABE500FF26D7 /* Release */ = {
			isa = XCBuildConfiguration;
			buildSettings = {
				ALWAYS_SEARCH_USER_PATHS = NO;
				ASSETCATALOG_COMPILER_GENERATE_SWIFT_ASSET_SYMBOL_EXTENSIONS = YES;
				CLANG_ANALYZER_NONNULL = YES;
				CLANG_ANALYZER_NUMBER_OBJECT_CONVERSION = YES_AGGRESSIVE;
				CLANG_CXX_LANGUAGE_STANDARD = "gnu++20";
				CLANG_ENABLE_MODULES = YES;
				CLANG_ENABLE_OBJC_ARC = YES;
				CLANG_ENABLE_OBJC_WEAK = YES;
				CLANG_WARN_BLOCK_CAPTURE_AUTORELEASING = YES;
				CLANG_WARN_BOOL_CONVERSION = YES;
				CLANG_WARN_COMMA = YES;
				CLANG_WARN_CONSTANT_CONVERSION = YES;
				CLANG_WARN_DEPRECATED_OBJC_IMPLEMENTATIONS = YES;
				CLANG_WARN_DIRECT_OBJC_ISA_USAGE = YES_ERROR;
				CLANG_WARN_DOCUMENTATION_COMMENTS = YES;
				CLANG_WARN_EMPTY_BODY = YES;
				CLANG_WARN_ENUM_CONVERSION = YES;
				CLANG_WARN_INFINITE_RECURSION = YES;
				CLANG_WARN_INT_CONVERSION = YES;
				CLANG_WARN_NON_LITERAL_NULL_CONVERSION = YES;
				CLANG_WARN_OBJC_IMPLICIT_RETAIN_SELF = YES;
				CLANG_WARN_OBJC_LITERAL_CONVERSION = YES;
				CLANG_WARN_OBJC_ROOT_CLASS = YES_ERROR;
				CLANG_WARN_QUOTED_INCLUDE_IN_FRAMEWORK_HEADER = YES;
				CLANG_WARN_RANGE_LOOP_ANALYSIS = YES;
				CLANG_WARN_STRICT_PROTOTYPES = YES;
				CLANG_WARN_SUSPICIOUS_MOVE = YES;
				CLANG_WARN_UNGUARDED_AVAILABILITY = YES_AGGRESSIVE;
				CLANG_WARN_UNREACHABLE_CODE = YES;
				CLANG_WARN__DUPLICATE_METHOD_MATCH = YES;
				COPY_PHASE_STRIP = NO;
				DEBUG_INFORMATION_FORMAT = "dwarf-with-dsym";
				ENABLE_NS_ASSERTIONS = NO;
				ENABLE_STRICT_OBJC_MSGSEND = YES;
				ENABLE_USER_SCRIPT_SANDBOXING = YES;
				GCC_C_LANGUAGE_STANDARD = gnu17;
				GCC_NO_COMMON_BLOCKS = YES;
				GCC_WARN_64_TO_32_BIT_CONVERSION = YES;
				GCC_WARN_ABOUT_RETURN_TYPE = YES_ERROR;
				GCC_WARN_UNDECLARED_SELECTOR = YES;
				GCC_WARN_UNINITIALIZED_AUTOS = YES_AGGRESSIVE;
				GCC_WARN_UNUSED_FUNCTION = YES;
				GCC_WARN_UNUSED_VARIABLE = YES;
				IPHONEOS_DEPLOYMENT_TARGET = 17.2;
				LOCALIZATION_PREFERS_STRING_CATALOGS = YES;
				MTL_ENABLE_DEBUG_INFO = NO;
				MTL_FAST_MATH = YES;
				SDKROOT = iphoneos;
				SWIFT_COMPILATION_MODE = wholemodule;
				VALIDATE_PRODUCT = YES;
			};
			name = Release;
		};
		5CFDDB212B6FABE500FF26D7 /* Debug */ = {
			isa = XCBuildConfiguration;
			buildSettings = {
				ASSETCATALOG_COMPILER_APPICON_NAME = AppIcon;
				ASSETCATALOG_COMPILER_GLOBAL_ACCENT_COLOR_NAME = AccentColor;
				CODE_SIGN_STYLE = Automatic;
				CURRENT_PROJECT_VERSION = 1;
				DEVELOPMENT_TEAM = 3B5UGS9ASG;
				GENERATE_INFOPLIST_FILE = YES;
				INFOPLIST_FILE = TargetTechTask/Info.plist;
				INFOPLIST_KEY_CFBundleDisplayName = "Tech Task";
				INFOPLIST_KEY_LSApplicationCategoryType = "public.app-category.utilities";
				INFOPLIST_KEY_UIApplicationSupportsIndirectInputEvents = YES;
				INFOPLIST_KEY_UILaunchStoryboardName = LaunchScreen;
				INFOPLIST_KEY_UIMainStoryboardFile = Main;
				INFOPLIST_KEY_UISupportedInterfaceOrientations = UIInterfaceOrientationPortrait;
				INFOPLIST_KEY_UISupportedInterfaceOrientations_iPad = "UIInterfaceOrientationLandscapeLeft UIInterfaceOrientationLandscapeRight UIInterfaceOrientationPortrait UIInterfaceOrientationPortraitUpsideDown";
				IPHONEOS_DEPLOYMENT_TARGET = 15.0;
				LD_RUNPATH_SEARCH_PATHS = (
					"$(inherited)",
					"@executable_path/Frameworks",
				);
				MARKETING_VERSION = 1.0;
				PRODUCT_BUNDLE_IDENTIFIER = Apple.TargetTechTask;
				PRODUCT_NAME = "$(TARGET_NAME)";
				SUPPORTED_PLATFORMS = "iphoneos iphonesimulator";
				SUPPORTS_MACCATALYST = NO;
				SUPPORTS_MAC_DESIGNED_FOR_IPHONE_IPAD = NO;
				SWIFT_EMIT_LOC_STRINGS = YES;
				SWIFT_VERSION = 5.0;
				TARGETED_DEVICE_FAMILY = 1;
			};
			name = Debug;
		};
		5CFDDB222B6FABE500FF26D7 /* Release */ = {
			isa = XCBuildConfiguration;
			buildSettings = {
				ASSETCATALOG_COMPILER_APPICON_NAME = AppIcon;
				ASSETCATALOG_COMPILER_GLOBAL_ACCENT_COLOR_NAME = AccentColor;
				CODE_SIGN_STYLE = Automatic;
				CURRENT_PROJECT_VERSION = 1;
				DEVELOPMENT_TEAM = 3B5UGS9ASG;
				GENERATE_INFOPLIST_FILE = YES;
				INFOPLIST_FILE = TargetTechTask/Info.plist;
				INFOPLIST_KEY_CFBundleDisplayName = "Tech Task";
				INFOPLIST_KEY_LSApplicationCategoryType = "public.app-category.utilities";
				INFOPLIST_KEY_UIApplicationSupportsIndirectInputEvents = YES;
				INFOPLIST_KEY_UILaunchStoryboardName = LaunchScreen;
				INFOPLIST_KEY_UIMainStoryboardFile = Main;
				INFOPLIST_KEY_UISupportedInterfaceOrientations = UIInterfaceOrientationPortrait;
				INFOPLIST_KEY_UISupportedInterfaceOrientations_iPad = "UIInterfaceOrientationLandscapeLeft UIInterfaceOrientationLandscapeRight UIInterfaceOrientationPortrait UIInterfaceOrientationPortraitUpsideDown";
				IPHONEOS_DEPLOYMENT_TARGET = 15.0;
				LD_RUNPATH_SEARCH_PATHS = (
					"$(inherited)",
					"@executable_path/Frameworks",
				);
				MARKETING_VERSION = 1.0;
				PRODUCT_BUNDLE_IDENTIFIER = Apple.TargetTechTask;
				PRODUCT_NAME = "$(TARGET_NAME)";
				SUPPORTED_PLATFORMS = "iphoneos iphonesimulator";
				SUPPORTS_MACCATALYST = NO;
				SUPPORTS_MAC_DESIGNED_FOR_IPHONE_IPAD = NO;
				SWIFT_EMIT_LOC_STRINGS = YES;
				SWIFT_VERSION = 5.0;
				TARGETED_DEVICE_FAMILY = 1;
			};
			name = Release;
		};
/* End XCBuildConfiguration section */

/* Begin XCConfigurationList section */
		5CFDDB072B6FABD800FF26D7 /* Build configuration list for PBXProject "TargetTechTask" */ = {
			isa = XCConfigurationList;
			buildConfigurations = (
				5CFDDB1E2B6FABE500FF26D7 /* Debug */,
				5CFDDB1F2B6FABE500FF26D7 /* Release */,
			);
			defaultConfigurationIsVisible = 0;
			defaultConfigurationName = Release;
		};
		5CFDDB202B6FABE500FF26D7 /* Build configuration list for PBXNativeTarget "TargetTechTask" */ = {
			isa = XCConfigurationList;
			buildConfigurations = (
				5CFDDB212B6FABE500FF26D7 /* Debug */,
				5CFDDB222B6FABE500FF26D7 /* Release */,
			);
			defaultConfigurationIsVisible = 0;
			defaultConfigurationName = Release;
		};
/* End XCConfigurationList section */
	};
	rootObject = 5CFDDB042B6FABD800FF26D7 /* Project object */;
}
